
Microsoft Visual Studio Solution File, Format Version 12.00
# Visual Studio Version 17
VisualStudioVersion = 17.3.32519.111
MinimumVisualStudioVersion = 10.0.40219.1
Project("{FAE04EC0-301F-11D3-BF4B-00C04F79EFBC}") = "Boticord.Net", "Boticord.Net\Boticord.Net.csproj", "{2A54F825-E6D5-495D-B422-AEBD3F051760}"
EndProject
Global
	GlobalSection(SolutionConfigurationPlatforms) = preSolution
		Debug|Any CPU = Debug|Any CPU
		Release|Any CPU = Release|Any CPU
	EndGlobalSection
	GlobalSection(ProjectConfigurationPlatforms) = postSolution
		{2A54F825-E6D5-495D-B422-AEBD3F051760}.Debug|Any CPU.ActiveCfg = Debug|Any CPU
		{2A54F825-E6D5-495D-B422-AEBD3F051760}.Debug|Any CPU.Build.0 = Debug|Any CPU
		{2A54F825-E6D5-495D-B422-AEBD3F051760}.Release|Any CPU.ActiveCfg = Release|Any CPU
		{2A54F825-E6D5-495D-B422-AEBD3F051760}.Release|Any CPU.Build.0 = Release|Any CPU
	EndGlobalSection
	GlobalSection(SolutionProperties) = preSolution
		HideSolutionNode = FALSE
	EndGlobalSection
	GlobalSection(ExtensibilityGlobals) = postSolution
		SolutionGuid = {8F8FD4F0-7E29-4AA8-A7A8-C2C953C52D28}
	EndGlobalSection
EndGlobal
